
Microsoft Visual Studio Solution File, Format Version 12.00
# Visual Studio Version 16
VisualStudioVersion = 16.0.31105.61
MinimumVisualStudioVersion = 10.0.40219.1
Project("{FAE04EC0-301F-11D3-BF4B-00C04F79EFBC}") = "Actividad_3", "Actividad_3\Actividad_3.csproj", "{D505C70D-9BFC-4DC5-9F53-59B269298EDF}"
EndProject
Global
	GlobalSection(SolutionConfigurationPlatforms) = preSolution
		Debug|Any CPU = Debug|Any CPU
		Release|Any CPU = Release|Any CPU
	EndGlobalSection
	GlobalSection(ProjectConfigurationPlatforms) = postSolution
		{D505C70D-9BFC-4DC5-9F53-59B269298EDF}.Debug|Any CPU.ActiveCfg = Debug|Any CPU
		{D505C70D-9BFC-4DC5-9F53-59B269298EDF}.Debug|Any CPU.Build.0 = Debug|Any CPU
		{D505C70D-9BFC-4DC5-9F53-59B269298EDF}.Release|Any CPU.ActiveCfg = Release|Any CPU
		{D505C70D-9BFC-4DC5-9F53-59B269298EDF}.Release|Any CPU.Build.0 = Release|Any CPU
	EndGlobalSection
	GlobalSection(SolutionProperties) = preSolution
		HideSolutionNode = FALSE
	EndGlobalSection
	GlobalSection(ExtensibilityGlobals) = postSolution
		SolutionGuid = {0BC98ECD-0B6F-4FBB-B962-23EEA4C0F356}
	EndGlobalSection
EndGlobal
